
Microsoft Visual Studio Solution File, Format Version 12.00
# Visual Studio Version 16
VisualStudioVersion = 16.0.29409.12
MinimumVisualStudioVersion = 10.0.40219.1
Project("{2150E333-8FDC-42A3-9474-1A3956D46DE8}") = "CSharp8", "CSharp8", "{27D32386-ABFA-423F-972A-665129C8AEDB}"
EndProject
Project("{2150E333-8FDC-42A3-9474-1A3956D46DE8}") = "CSharp7", "CSharp7", "{56B1EB12-A213-4221-B614-A08DF2DCC2C7}"
EndProject
Project("{2150E333-8FDC-42A3-9474-1A3956D46DE8}") = "CSharp6", "CSharp6", "{C3509184-447D-476A-A937-0D3CD867C9D9}"
EndProject
Project("{FAE04EC0-301F-11D3-BF4B-00C04F79EFBC}") = "CSharpFeaturesDemo", "CSharpFeaturesDemo\CSharpFeaturesDemo.csproj", "{634B67F0-E188-421B-B94E-15782F0484B8}"
EndProject
Project("{FAE04EC0-301F-11D3-BF4B-00C04F79EFBC}") = "CSharp6Features", "CSharp6\CSharp6Features\CSharp6Features.csproj", "{EA601831-9FC2-4CB0-8863-1454AC6B82F8}"
EndProject
Project("{FAE04EC0-301F-11D3-BF4B-00C04F79EFBC}") = "CSharp7Features", "CSharp7\CSharp7Features\CSharp7Features.csproj", "{CBF7069F-7212-49E9-AA71-202633CD9639}"
EndProject
Project("{FAE04EC0-301F-11D3-BF4B-00C04F79EFBC}") = "CSharp8Features", "CSharp8\CSharp8Features\CSharp8Features.csproj", "{F9B91703-14BC-468E-9669-3BD65C972993}"
EndProject
Global
	GlobalSection(SolutionConfigurationPlatforms) = preSolution
		Debug|Any CPU = Debug|Any CPU
		Release|Any CPU = Release|Any CPU
	EndGlobalSection
	GlobalSection(ProjectConfigurationPlatforms) = postSolution
		{634B67F0-E188-421B-B94E-15782F0484B8}.Debug|Any CPU.ActiveCfg = Debug|Any CPU
		{634B67F0-E188-421B-B94E-15782F0484B8}.Debug|Any CPU.Build.0 = Debug|Any CPU
		{634B67F0-E188-421B-B94E-15782F0484B8}.Release|Any CPU.ActiveCfg = Release|Any CPU
		{634B67F0-E188-421B-B94E-15782F0484B8}.Release|Any CPU.Build.0 = Release|Any CPU
		{EA601831-9FC2-4CB0-8863-1454AC6B82F8}.Debug|Any CPU.ActiveCfg = Debug|Any CPU
		{EA601831-9FC2-4CB0-8863-1454AC6B82F8}.Debug|Any CPU.Build.0 = Debug|Any CPU
		{EA601831-9FC2-4CB0-8863-1454AC6B82F8}.Release|Any CPU.ActiveCfg = Release|Any CPU
		{EA601831-9FC2-4CB0-8863-1454AC6B82F8}.Release|Any CPU.Build.0 = Release|Any CPU
		{CBF7069F-7212-49E9-AA71-202633CD9639}.Debug|Any CPU.ActiveCfg = Debug|Any CPU
		{CBF7069F-7212-49E9-AA71-202633CD9639}.Debug|Any CPU.Build.0 = Debug|Any CPU
		{CBF7069F-7212-49E9-AA71-202633CD9639}.Release|Any CPU.ActiveCfg = Release|Any CPU
		{CBF7069F-7212-49E9-AA71-202633CD9639}.Release|Any CPU.Build.0 = Release|Any CPU
		{F9B91703-14BC-468E-9669-3BD65C972993}.Debug|Any CPU.ActiveCfg = Debug|Any CPU
		{F9B91703-14BC-468E-9669-3BD65C972993}.Debug|Any CPU.Build.0 = Debug|Any CPU
		{F9B91703-14BC-468E-9669-3BD65C972993}.Release|Any CPU.ActiveCfg = Release|Any CPU
		{F9B91703-14BC-468E-9669-3BD65C972993}.Release|Any CPU.Build.0 = Release|Any CPU
	EndGlobalSection
	GlobalSection(SolutionProperties) = preSolution
		HideSolutionNode = FALSE
	EndGlobalSection
	GlobalSection(NestedProjects) = preSolution
		{EA601831-9FC2-4CB0-8863-1454AC6B82F8} = {C3509184-447D-476A-A937-0D3CD867C9D9}
		{CBF7069F-7212-49E9-AA71-202633CD9639} = {56B1EB12-A213-4221-B614-A08DF2DCC2C7}
		{F9B91703-14BC-468E-9669-3BD65C972993} = {27D32386-ABFA-423F-972A-665129C8AEDB}
	EndGlobalSection
	GlobalSection(ExtensibilityGlobals) = postSolution
		SolutionGuid = {58C4DE08-B64B-472F-AA21-8D1B5ACE0E92}
	EndGlobalSection
EndGlobal
